
Microsoft Visual Studio Solution File, Format Version 12.00
# Visual Studio Version 17
VisualStudioVersion = 17.10.35013.160
MinimumVisualStudioVersion = 10.0.40219.1
Project("{FAE04EC0-301F-11D3-BF4B-00C04F79EFBC}") = "Ragdoll", "Ragdoll\Ragdoll.csproj", "{1FDEEEA8-9146-47ED-8BFB-1D9076B65745}"
EndProject
Global
	GlobalSection(SolutionConfigurationPlatforms) = preSolution
		Debug|Any CPU = Debug|Any CPU
		Release|Any CPU = Release|Any CPU
	EndGlobalSection
	GlobalSection(ProjectConfigurationPlatforms) = postSolution
		{1FDEEEA8-9146-47ED-8BFB-1D9076B65745}.Debug|Any CPU.ActiveCfg = Debug|Any CPU
		{1FDEEEA8-9146-47ED-8BFB-1D9076B65745}.Debug|Any CPU.Build.0 = Debug|Any CPU
		{1FDEEEA8-9146-47ED-8BFB-1D9076B65745}.Release|Any CPU.ActiveCfg = Release|Any CPU
		{1FDEEEA8-9146-47ED-8BFB-1D9076B65745}.Release|Any CPU.Build.0 = Release|Any CPU
	EndGlobalSection
	GlobalSection(SolutionProperties) = preSolution
		HideSolutionNode = FALSE
	EndGlobalSection
	GlobalSection(ExtensibilityGlobals) = postSolution
		SolutionGuid = {09F2D3B7-1292-4514-BF32-612FB9D07A87}
	EndGlobalSection
EndGlobal
